github.com/jakecoffman/cp v1.1.0 h1:bhKvCNbAddYegYHSV5abG3G23vZdsISgqXa4X/lK8Oo=
github.com/jakecoffman/cp v1.1.0/go.mod h1:JjY/Fp6d8E1CHnu74gWNnU0+b9VzEdUVPoJxg2PsTQg=
github.com/lachee/raylib-goplus v0.0.0-20200605081007-7ca39b8afc71 h1:H4fcwldyU7pQvzyR3fuNLe0Gs3f7yLg/lH7NorUTc7I=
github.com/lachee/raylib-goplus v0.0.0-20200605081007-7ca39b8afc71/go.mod h1:dBwvFApqhdnnQuWzvHZnvWph/zlTAHC3nd/Hy6yBE8U=
